{
  "name": "@ntlab/ntjs-repo",
  "version": "3.0.1",
  "lockfileVersion": 3,
  "requires": true,
  "packages": {
    "": {
      "name": "@ntlab/ntjs-repo",
      "version": "3.0.1",
      "license": "MIT",
      "dependencies": {
        "@ntlab/ntjs": "^3.0.0",
        "@ntlab/ntlib": "^2.6.0",
        "debug": "^4.4.0"
      }
    },
    "node_modules/@ntlab/ntjs": {
      "version": "3.0.0",
      "resolved": "https://registry.npmjs.org/@ntlab/ntjs/-/ntjs-3.0.0.tgz",
      "integrity": "sha512-GW+FQ/cYom+Ok50KyW5nzG1/fSIKdI79Ry2fOFClNU+MO60oCkN9bcmAhc52P0lMORp582rHWoF4xxIKPRykQQ==",
      "license": "MIT",
      "dependencies": {
        "debug": "^4.4.0"
      }
    },
    "node_modules/@ntlab/ntlib": {
      "version": "2.6.0",
      "resolved": "https://registry.npmjs.org/@ntlab/ntlib/-/ntlib-2.6.0.tgz",
      "integrity": "sha512-b6tIqQZ5/1fcLfqacmnN7zR1VyVjU2Qgc0kRW1hSs+Rzdm5AQQVC/xuSizlf3SaoQVNEZKUzztpna0YdWXCrsg==",
      "license": "MIT"
    },
    "node_modules/debug": {
      "version": "4.4.0",
      "resolved": "https://registry.npmjs.org/debug/-/debug-4.4.0.tgz",
      "integrity": "sha512-6WTZ/IxCY/T6BALoZHaE4ctp9xm+Z5kY/pzYaCHRFeyVhojxlrm+46y68HA6hr0TcwEssoxNiDEUJQjfPZ/RYA==",
      "license": "MIT",
      "dependencies": {
        "ms": "^2.1.3"
      },
      "engines": {
        "node": ">=6.0"
      },
      "peerDependenciesMeta": {
        "supports-color": {
          "optional": true
        }
      }
    },
    "node_modules/ms": {
      "version": "2.1.3",
      "resolved": "https://registry.npmjs.org/ms/-/ms-2.1.3.tgz",
      "integrity": "sha512-6FlzubTLZG3J2a/NVCAleEhjzq5oxgHyaCU9yYXvcLsvoVaHJq/s5xXI6/XXP6tz7R9xAOtHnSO/tXtF3WRTlA==",
      "license": "MIT"
    }
  }
}
